
Microsoft Visual Studio Solution File, Format Version 12.00
# Visual Studio Version 17
VisualStudioVersion = 17.4.33110.190
MinimumVisualStudioVersion = 10.0.40219.1
Project("{FAE04EC0-301F-11D3-BF4B-00C04F79EFBC}") = "Remove Duplicates from Sorted Array", "Remove Duplicates from Sorted Array\Remove Duplicates from Sorted Array.csproj", "{C5001C24-0B72-4D0F-98F5-5840D62C11A6}"
EndProject
Global
	GlobalSection(SolutionConfigurationPlatforms) = preSolution
		Debug|Any CPU = Debug|Any CPU
		Release|Any CPU = Release|Any CPU
	EndGlobalSection
	GlobalSection(ProjectConfigurationPlatforms) = postSolution
		{C5001C24-0B72-4D0F-98F5-5840D62C11A6}.Debug|Any CPU.ActiveCfg = Debug|Any CPU
		{C5001C24-0B72-4D0F-98F5-5840D62C11A6}.Debug|Any CPU.Build.0 = Debug|Any CPU
		{C5001C24-0B72-4D0F-98F5-5840D62C11A6}.Release|Any CPU.ActiveCfg = Release|Any CPU
		{C5001C24-0B72-4D0F-98F5-5840D62C11A6}.Release|Any CPU.Build.0 = Release|Any CPU
	EndGlobalSection
	GlobalSection(SolutionProperties) = preSolution
		HideSolutionNode = FALSE
	EndGlobalSection
	GlobalSection(ExtensibilityGlobals) = postSolution
		SolutionGuid = {C99ACDB3-4689-4761-93FF-8A78BA73479A}
	EndGlobalSection
EndGlobal
