
Microsoft Visual Studio Solution File, Format Version 12.00
# Visual Studio Version 17
VisualStudioVersion = 17.4.33110.190
MinimumVisualStudioVersion = 10.0.40219.1
Project("{FAE04EC0-301F-11D3-BF4B-00C04F79EFBC}") = "Loops", "Loops\Loops.csproj", "{95196146-0E9B-4842-B455-5ACE95071B86}"
EndProject
Global
	GlobalSection(SolutionConfigurationPlatforms) = preSolution
		Debug|Any CPU = Debug|Any CPU
		Release|Any CPU = Release|Any CPU
	EndGlobalSection
	GlobalSection(ProjectConfigurationPlatforms) = postSolution
		{95196146-0E9B-4842-B455-5ACE95071B86}.Debug|Any CPU.ActiveCfg = Debug|Any CPU
		{95196146-0E9B-4842-B455-5ACE95071B86}.Debug|Any CPU.Build.0 = Debug|Any CPU
		{95196146-0E9B-4842-B455-5ACE95071B86}.Release|Any CPU.ActiveCfg = Release|Any CPU
		{95196146-0E9B-4842-B455-5ACE95071B86}.Release|Any CPU.Build.0 = Release|Any CPU
	EndGlobalSection
	GlobalSection(SolutionProperties) = preSolution
		HideSolutionNode = FALSE
	EndGlobalSection
	GlobalSection(ExtensibilityGlobals) = postSolution
		SolutionGuid = {3A42E350-BF57-4D00-BD45-2930DC166007}
	EndGlobalSection
EndGlobal
