
Microsoft Visual Studio Solution File, Format Version 12.00
# Visual Studio Version 17
VisualStudioVersion = 17.4.33110.190
MinimumVisualStudioVersion = 10.0.40219.1
Project("{FAE04EC0-301F-11D3-BF4B-00C04F79EFBC}") = "Palindrome Number", "Palindrome Number\Palindrome Number.csproj", "{EC51691D-FB4E-46FB-A097-318E0620121F}"
EndProject
Global
	GlobalSection(SolutionConfigurationPlatforms) = preSolution
		Debug|Any CPU = Debug|Any CPU
		Release|Any CPU = Release|Any CPU
	EndGlobalSection
	GlobalSection(ProjectConfigurationPlatforms) = postSolution
		{EC51691D-FB4E-46FB-A097-318E0620121F}.Debug|Any CPU.ActiveCfg = Debug|Any CPU
		{EC51691D-FB4E-46FB-A097-318E0620121F}.Debug|Any CPU.Build.0 = Debug|Any CPU
		{EC51691D-FB4E-46FB-A097-318E0620121F}.Release|Any CPU.ActiveCfg = Release|Any CPU
		{EC51691D-FB4E-46FB-A097-318E0620121F}.Release|Any CPU.Build.0 = Release|Any CPU
	EndGlobalSection
	GlobalSection(SolutionProperties) = preSolution
		HideSolutionNode = FALSE
	EndGlobalSection
	GlobalSection(ExtensibilityGlobals) = postSolution
		SolutionGuid = {6B9ABE08-7AFF-4CC4-898A-FF4DA5D66B94}
	EndGlobalSection
EndGlobal
