
Microsoft Visual Studio Solution File, Format Version 12.00
# Visual Studio Version 17
VisualStudioVersion = 17.4.33110.190
MinimumVisualStudioVersion = 10.0.40219.1
Project("{FAE04EC0-301F-11D3-BF4B-00C04F79EFBC}") = "Two Sum", "Two Sum\Two Sum.csproj", "{554A07FF-7DA4-4778-8185-118489A3C0CF}"
EndProject
Global
	GlobalSection(SolutionConfigurationPlatforms) = preSolution
		Debug|Any CPU = Debug|Any CPU
		Release|Any CPU = Release|Any CPU
	EndGlobalSection
	GlobalSection(ProjectConfigurationPlatforms) = postSolution
		{554A07FF-7DA4-4778-8185-118489A3C0CF}.Debug|Any CPU.ActiveCfg = Debug|Any CPU
		{554A07FF-7DA4-4778-8185-118489A3C0CF}.Debug|Any CPU.Build.0 = Debug|Any CPU
		{554A07FF-7DA4-4778-8185-118489A3C0CF}.Release|Any CPU.ActiveCfg = Release|Any CPU
		{554A07FF-7DA4-4778-8185-118489A3C0CF}.Release|Any CPU.Build.0 = Release|Any CPU
	EndGlobalSection
	GlobalSection(SolutionProperties) = preSolution
		HideSolutionNode = FALSE
	EndGlobalSection
	GlobalSection(ExtensibilityGlobals) = postSolution
		SolutionGuid = {659F7317-286A-45F8-B493-5DF585DB0B8B}
	EndGlobalSection
EndGlobal
