
Microsoft Visual Studio Solution File, Format Version 12.00
# Visual Studio Version 17
VisualStudioVersion = 17.4.33110.190
MinimumVisualStudioVersion = 10.0.40219.1
Project("{FAE04EC0-301F-11D3-BF4B-00C04F79EFBC}") = "Average Calculator", "Average Calculator\Average Calculator.csproj", "{FEC0CE12-8CD1-484A-9796-4004C805B488}"
EndProject
Global
	GlobalSection(SolutionConfigurationPlatforms) = preSolution
		Debug|Any CPU = Debug|Any CPU
		Release|Any CPU = Release|Any CPU
	EndGlobalSection
	GlobalSection(ProjectConfigurationPlatforms) = postSolution
		{FEC0CE12-8CD1-484A-9796-4004C805B488}.Debug|Any CPU.ActiveCfg = Debug|Any CPU
		{FEC0CE12-8CD1-484A-9796-4004C805B488}.Debug|Any CPU.Build.0 = Debug|Any CPU
		{FEC0CE12-8CD1-484A-9796-4004C805B488}.Release|Any CPU.ActiveCfg = Release|Any CPU
		{FEC0CE12-8CD1-484A-9796-4004C805B488}.Release|Any CPU.Build.0 = Release|Any CPU
	EndGlobalSection
	GlobalSection(SolutionProperties) = preSolution
		HideSolutionNode = FALSE
	EndGlobalSection
	GlobalSection(ExtensibilityGlobals) = postSolution
		SolutionGuid = {5C00EEAC-D13D-46F3-B55C-B5EC9732757B}
	EndGlobalSection
EndGlobal
